{
  "name": "cypress-example-vue-vuex-rest",
  "version": "1.0.0",
  "lockfileVersion": 1,
  "requires": true,
  "dependencies": {
    "json-server-reset": {
      "version": "1.0.0",
      "resolved": "https://registry.npmjs.org/json-server-reset/-/json-server-reset-1.0.0.tgz",
      "integrity": "sha512-sqaTIkXY0RvhlcFXbud71Mst7iJUzq7PYhBZ+gkfYxKtct20G4wNhcaieWUPf1HIb7RgfQmUvrkHR/Ngbs1bEA=="
    }
  }
}
